{
  "version": 4,
  "terraform_version": "1.10.0",
  "serial": 14,
  "lineage": "d44e9b56-03c1-b0bc-b996-d5f9a8966003",
  "outputs": {},
  "resources": [
    {
      "mode": "managed",
      "type": "azurerm_app_service_source_control",
      "name": "app-source",
      "provider": "provider[\"registry.terraform.io/hashicorp/azurerm\"]",
      "instances": [
        {
          "schema_version": 0,
          "attributes": {
            "app_id": "/subscriptions/6a552c94-0736-402d-b8eb-ff288478ee38/resourceGroups/ContactsBook-31667/providers/Microsoft.Web/sites/contact-book-app",
            "branch": "master",
            "github_action_configuration": [],
            "id": "/subscriptions/6a552c94-0736-402d-b8eb-ff288478ee38/resourceGroups/ContactsBook-31667/providers/Microsoft.Web/sites/contact-book-app",
            "repo_url": "https://github.com/nakov/ContactBook",
            "rollback_enabled": false,
            "scm_type": "ExternalGit",
            "timeouts": null,
            "use_local_git": false,
            "use_manual_integration": true,
            "use_mercurial": false,
            "uses_github_action": false
          },
          "sensitive_attributes": [],
          "private": "eyJlMmJmYjczMC1lY2FhLTExZTYtOGY4OC0zNDM2M2JjN2M0YzAiOnsiY3JlYXRlIjoxODAwMDAwMDAwMDAwLCJkZWxldGUiOjE4MDAwMDAwMDAwMDAsInJlYWQiOjMwMDAwMDAwMDAwMH19",
          "dependencies": [
            "azurerm_linux_web_app.app-alwp",
            "azurerm_resource_group.app-rg",
            "azurerm_service_plan.app-asp",
            "random_integer.ri"
          ]
        }
      ]
    },
    {
      "mode": "managed",
      "type": "azurerm_linux_web_app",
      "name": "app-alwp",
      "provider": "provider[\"registry.terraform.io/hashicorp/azurerm\"]",
      "instances": [
        {
          "schema_version": 1,
          "attributes": {
            "app_settings": null,
            "auth_settings": [],
            "auth_settings_v2": [],
            "backup": [],
            "client_affinity_enabled": false,
            "client_certificate_enabled": false,
            "client_certificate_exclusion_paths": "",
            "client_certificate_mode": "Required",
            "connection_string": [],
            "custom_domain_verification_id": "4CDC151393CA7EF13E60D85E1DC8E432B65F867BABCC4E639406EF72D2F39DC7",
            "default_hostname": "contact-book-app.azurewebsites.net",
            "enabled": true,
            "ftp_publish_basic_authentication_enabled": true,
            "hosting_environment_id": "",
            "https_only": false,
            "id": "/subscriptions/6a552c94-0736-402d-b8eb-ff288478ee38/resourceGroups/ContactsBook-31667/providers/Microsoft.Web/sites/contact-book-app",
            "identity": [],
            "key_vault_reference_identity_id": "SystemAssigned",
            "kind": "app,linux",
            "location": "westeurope",
            "logs": [],
            "name": "contact-book-app",
            "outbound_ip_address_list": [
              "20.71.14.202",
              "20.71.14.235",
              "20.71.15.64",
              "20.71.15.67",
              "20.73.128.133",
              "20.73.128.169",
              "20.71.8.16",
              "20.71.8.178",
              "20.71.9.47",
              "20.71.9.98",
              "20.71.9.113",
              "20.71.9.196",
              "20.105.232.31"
            ],
            "outbound_ip_addresses": "20.71.14.202,20.71.14.235,20.71.15.64,20.71.15.67,20.73.128.133,20.73.128.169,20.71.8.16,20.71.8.178,20.71.9.47,20.71.9.98,20.71.9.113,20.71.9.196,20.105.232.31",
            "possible_outbound_ip_address_list": [
              "20.71.14.202",
              "20.71.14.235",
              "20.71.15.64",
              "20.71.15.67",
              "20.73.128.133",
              "20.73.128.169",
              "20.71.8.16",
              "20.71.8.178",
              "20.71.9.47",
              "20.71.9.98",
              "20.71.9.113",
              "20.71.9.196",
              "20.71.10.57",
              "20.71.10.241",
              "20.71.11.42",
              "20.71.11.75",
              "20.71.12.6",
              "20.71.12.43",
              "20.71.12.105",
              "20.71.14.85",
              "20.71.11.127",
              "20.71.14.136",
              "20.71.14.179",
              "20.71.14.200",
              "20.73.129.47",
              "20.73.129.88",
              "20.73.130.79",
              "20.73.130.134",
              "20.73.130.177",
              "20.73.130.233",
              "20.105.232.31"
            ],
            "possible_outbound_ip_addresses": "20.71.14.202,20.71.14.235,20.71.15.64,20.71.15.67,20.73.128.133,20.73.128.169,20.71.8.16,20.71.8.178,20.71.9.47,20.71.9.98,20.71.9.113,20.71.9.196,20.71.10.57,20.71.10.241,20.71.11.42,20.71.11.75,20.71.12.6,20.71.12.43,20.71.12.105,20.71.14.85,20.71.11.127,20.71.14.136,20.71.14.179,20.71.14.200,20.73.129.47,20.73.129.88,20.73.130.79,20.73.130.134,20.73.130.177,20.73.130.233,20.105.232.31",
            "public_network_access_enabled": true,
            "resource_group_name": "ContactsBook-31667",
            "service_plan_id": "/subscriptions/6a552c94-0736-402d-b8eb-ff288478ee38/resourceGroups/ContactsBook-31667/providers/Microsoft.Web/serverFarms/contact-book-service-plan-31667",
            "site_config": [
              {
                "always_on": false,
                "api_definition_url": "",
                "api_management_api_id": "",
                "app_command_line": "",
                "application_stack": [
                  {
                    "docker_image_name": "",
                    "docker_registry_password": "",
                    "docker_registry_url": "",
                    "docker_registry_username": "",
                    "dotnet_version": "",
                    "go_version": "",
                    "java_server": "",
                    "java_server_version": "",
                    "java_version": "",
                    "node_version": "16-lts",
                    "php_version": "",
                    "python_version": "",
                    "ruby_version": ""
                  }
                ],
                "auto_heal_setting": [],
                "container_registry_managed_identity_client_id": "",
                "container_registry_use_managed_identity": false,
                "cors": [],
                "default_documents": [
                  "Default.htm",
                  "Default.html",
                  "Default.asp",
                  "index.htm",
                  "index.html",
                  "iisstart.htm",
                  "default.aspx",
                  "index.php",
                  "hostingstart.html"
                ],
                "detailed_error_logging_enabled": false,
                "ftps_state": "Disabled",
                "health_check_eviction_time_in_min": 0,
                "health_check_path": "",
                "http2_enabled": false,
                "ip_restriction": [],
                "ip_restriction_default_action": "Allow",
                "linux_fx_version": "NODE|16-lts",
                "load_balancing_mode": "LeastRequests",
                "local_mysql_enabled": false,
                "managed_pipeline_mode": "Integrated",
                "minimum_tls_version": "1.2",
                "remote_debugging_enabled": false,
                "remote_debugging_version": "VS2022",
                "scm_ip_restriction": [],
                "scm_ip_restriction_default_action": "Allow",
                "scm_minimum_tls_version": "1.2",
                "scm_type": "None",
                "scm_use_main_ip_restriction": false,
                "use_32_bit_worker": true,
                "vnet_route_all_enabled": false,
                "websockets_enabled": false,
                "worker_count": 1
              }
            ],
            "site_credential": [
              {
                "name": "$contact-book-app",
                "password": "y7qwiPGdveJnyYu0FzoY9JFYGKMK1wiQRhN97D7GskiEZx2By9E9obtnFWcY"
              }
            ],
            "sticky_settings": [],
            "storage_account": [],
            "tags": null,
            "timeouts": null,
            "virtual_network_subnet_id": "",
            "webdeploy_publish_basic_authentication_enabled": true,
            "zip_deploy_file": ""
          },
          "sensitive_attributes": [
            [
              {
                "type": "get_attr",
                "value": "custom_domain_verification_id"
              }
            ],
            [
              {
                "type": "get_attr",
                "value": "site_credential"
              }
            ],
            [
              {
                "type": "get_attr",
                "value": "site_config"
              },
              {
                "type": "index",
                "value": {
                  "value": 0,
                  "type": "number"
                }
              },
              {
                "type": "get_attr",
                "value": "application_stack"
              },
              {
                "type": "index",
                "value": {
                  "value": 0,
                  "type": "number"
                }
              },
              {
                "type": "get_attr",
                "value": "docker_registry_password"
              }
            ]
          ],
          "private": "eyJlMmJmYjczMC1lY2FhLTExZTYtOGY4OC0zNDM2M2JjN2M0YzAiOnsiY3JlYXRlIjoxODAwMDAwMDAwMDAwLCJkZWxldGUiOjE4MDAwMDAwMDAwMDAsInJlYWQiOjMwMDAwMDAwMDAwMCwidXBkYXRlIjoxODAwMDAwMDAwMDAwfSwic2NoZW1hX3ZlcnNpb24iOiIxIn0=",
          "dependencies": [
            "azurerm_resource_group.app-rg",
            "azurerm_service_plan.app-asp",
            "random_integer.ri"
          ]
        }
      ]
    },
    {
      "mode": "managed",
      "type": "azurerm_resource_group",
      "name": "app-rg",
      "provider": "provider[\"registry.terraform.io/hashicorp/azurerm\"]",
      "instances": [
        {
          "schema_version": 0,
          "attributes": {
            "id": "/subscriptions/6a552c94-0736-402d-b8eb-ff288478ee38/resourceGroups/ContactsBook-31667",
            "location": "westeurope",
            "managed_by": "",
            "name": "ContactsBook-31667",
            "tags": null,
            "timeouts": null
          },
          "sensitive_attributes": [],
          "private": "eyJlMmJmYjczMC1lY2FhLTExZTYtOGY4OC0zNDM2M2JjN2M0YzAiOnsiY3JlYXRlIjo1NDAwMDAwMDAwMDAwLCJkZWxldGUiOjU0MDAwMDAwMDAwMDAsInJlYWQiOjMwMDAwMDAwMDAwMCwidXBkYXRlIjo1NDAwMDAwMDAwMDAwfX0=",
          "dependencies": [
            "random_integer.ri"
          ]
        }
      ]
    },
    {
      "mode": "managed",
      "type": "azurerm_service_plan",
      "name": "app-asp",
      "provider": "provider[\"registry.terraform.io/hashicorp/azurerm\"]",
      "instances": [
        {
          "schema_version": 1,
          "attributes": {
            "app_service_environment_id": "",
            "id": "/subscriptions/6a552c94-0736-402d-b8eb-ff288478ee38/resourceGroups/ContactsBook-31667/providers/Microsoft.Web/serverFarms/contact-book-service-plan-31667",
            "kind": "linux",
            "location": "westeurope",
            "maximum_elastic_worker_count": 1,
            "name": "contact-book-service-plan-31667",
            "os_type": "Linux",
            "per_site_scaling_enabled": false,
            "reserved": true,
            "resource_group_name": "ContactsBook-31667",
            "sku_name": "F1",
            "tags": null,
            "timeouts": null,
            "worker_count": 1,
            "zone_balancing_enabled": false
          },
          "sensitive_attributes": [],
          "private": "eyJlMmJmYjczMC1lY2FhLTExZTYtOGY4OC0zNDM2M2JjN2M0YzAiOnsiY3JlYXRlIjozNjAwMDAwMDAwMDAwLCJkZWxldGUiOjM2MDAwMDAwMDAwMDAsInJlYWQiOjMwMDAwMDAwMDAwMCwidXBkYXRlIjozNjAwMDAwMDAwMDAwfSwic2NoZW1hX3ZlcnNpb24iOiIxIn0=",
          "dependencies": [
            "azurerm_resource_group.app-rg",
            "random_integer.ri"
          ]
        }
      ]
    },
    {
      "mode": "managed",
      "type": "random_integer",
      "name": "ri",
      "provider": "provider[\"registry.terraform.io/hashicorp/random\"]",
      "instances": [
        {
          "schema_version": 0,
          "attributes": {
            "id": "31667",
            "keepers": null,
            "max": 99999,
            "min": 10000,
            "result": 31667,
            "seed": null
          },
          "sensitive_attributes": []
        }
      ]
    }
  ],
  "check_results": null
}
