{
  "version": 4,
  "terraform_version": "1.10.0",
  "serial": 1,
  "lineage": "c60f0ff4-5e5d-e546-10b1-abd58d0f1f6c",
  "outputs": {},
  "resources": [
    {
      "mode": "managed",
      "type": "azurerm_resource_group",
      "name": "resourcegroup_name",
      "provider": "provider[\"registry.terraform.io/hashicorp/azurerm\"]",
      "instances": [
        {
          "schema_version": 0,
          "attributes": {
            "id": "/subscriptions/6a552c94-0736-402d-b8eb-ff288478ee38/resourceGroups/ResourceGroupTerraform",
            "location": "westeurope",
            "managed_by": "",
            "name": "ResourceGroupTerraform",
            "tags": null,
            "timeouts": null
          },
          "sensitive_attributes": [],
          "private": "eyJlMmJmYjczMC1lY2FhLTExZTYtOGY4OC0zNDM2M2JjN2M0YzAiOnsiY3JlYXRlIjo1NDAwMDAwMDAwMDAwLCJkZWxldGUiOjU0MDAwMDAwMDAwMDAsInJlYWQiOjMwMDAwMDAwMDAwMCwidXBkYXRlIjo1NDAwMDAwMDAwMDAwfX0="
        }
      ]
    }
  ],
  "check_results": null
}
